// !$*UTF8*$!
{
	archiveVersion = 1;
	classes = {
	};
	objectVersion = 53;
	objects = {

/* Begin PBXBuildFile section */
		AA1000012E70000100A00001 /* MASShortcutCompatibilityTests.swift in Sources */ = {isa = PBXBuildFile; fileRef = AA1100012E70000100A00001 /* MASShortcutCompatibilityTests.swift */; };
		AA2000012E70000200A00001 /* InputSourceSwitcherTests.swift in Sources */ = {isa = PBXBuildFile; fileRef = AA2100012E70000200A00001 /* InputSourceSwitcherTests.swift */; };
		AA1000022E70000100A00001 /* MASShortcut in Frameworks */ = {isa = PBXBuildFile; productRef = AA1800012E70000100A00001 /* MASShortcut */; };
		AA1000032E70000100A00001 /* MASShortcut in Frameworks */ = {isa = PBXBuildFile; productRef = AA1800022E70000100A00001 /* MASShortcut */; };
		AA2000022E70000200A00001 /* InputTarget.swift in Sources */ = {isa = PBXBuildFile; fileRef = AA2100022E70000200A00001 /* InputTarget.swift */; };
		AA2000032E70000200A00001 /* InputTarget.swift in Sources */ = {isa = PBXBuildFile; fileRef = AA2100022E70000200A00001 /* InputTarget.swift */; };
		AA2000042E70000200A00001 /* InputSourceSwitcher.swift in Sources */ = {isa = PBXBuildFile; fileRef = AA2100032E70000200A00001 /* InputSourceSwitcher.swift */; };
		AA2000052E70000200A00001 /* InputSourceSwitcher.swift in Sources */ = {isa = PBXBuildFile; fileRef = AA2100032E70000200A00001 /* InputSourceSwitcher.swift */; };
		AA2000062E70000200A00001 /* CarbonInputSourceAccess.swift in Sources */ = {isa = PBXBuildFile; fileRef = AA2100042E70000200A00001 /* CarbonInputSourceAccess.swift */; };
		AA2000072E70000200A00001 /* CarbonInputSourceAccess.swift in Sources */ = {isa = PBXBuildFile; fileRef = AA2100042E70000200A00001 /* CarbonInputSourceAccess.swift */; };
		CC1FEF6F1B685FD3005E9BC8 /* ShortcutCellView.swift in Sources */ = {isa = PBXBuildFile; fileRef = CC1FEF6E1B685FD3005E9BC8 /* ShortcutCellView.swift */; };
		CC4065BE1B6D334B000E1E87 /* PermanentStorage.swift in Sources */ = {isa = PBXBuildFile; fileRef = CC4065BD1B6D334B000E1E87 /* PermanentStorage.swift */; };
		CC4181681B6CB3CB007DA794 /* PreferencesViewController.swift in Sources */ = {isa = PBXBuildFile; fileRef = CC4181671B6CB3CB007DA794 /* PreferencesViewController.swift */; };
		CC69E0761B663E1E00A92F58 /* MainWindowController.swift in Sources */ = {isa = PBXBuildFile; fileRef = CC69E0751B663E1E00A92F58 /* MainWindowController.swift */; };
		CC69E0781B66415300A92F58 /* ShortcutViewController.swift in Sources */ = {isa = PBXBuildFile; fileRef = CC69E0771B66415300A92F58 /* ShortcutViewController.swift */; };
		CC69E07A1B6646B200A92F58 /* StatusBar.swift in Sources */ = {isa = PBXBuildFile; fileRef = CC69E0791B6646B200A92F58 /* StatusBar.swift */; };
		CC6D8ECE1B654099005682C0 /* AppDelegate.swift in Sources */ = {isa = PBXBuildFile; fileRef = CC6D8ECD1B654099005682C0 /* AppDelegate.swift */; };
		CC6D8ED21B654099005682C0 /* Images.xcassets in Resources */ = {isa = PBXBuildFile; fileRef = CC6D8ED11B654099005682C0 /* Images.xcassets */; };
		CC6D8ED51B654099005682C0 /* Main.storyboard in Resources */ = {isa = PBXBuildFile; fileRef = CC6D8ED31B654099005682C0 /* Main.storyboard */; };
		CC6D8EEB1B654143005682C0 /* InputSourceManager.swift in Sources */ = {isa = PBXBuildFile; fileRef = CC6D8EEA1B654143005682C0 /* InputSourceManager.swift */; };
		EE92E8FD1F6CC98E00559B7C /* TISInputSource+Additions.swift in Sources */ = {isa = PBXBuildFile; fileRef = EE92E8FC1F6CC98E00559B7C /* TISInputSource+Additions.swift */; };
/* End PBXBuildFile section */

/* Begin PBXFileReference section */
		AA1100012E70000100A00001 /* MASShortcutCompatibilityTests.swift */ = {isa = PBXFileReference; lastKnownFileType = sourcecode.swift; path = MASShortcutCompatibilityTests.swift; sourceTree = "<group>"; };
		AA2100012E70000200A00001 /* InputSourceSwitcherTests.swift */ = {isa = PBXFileReference; lastKnownFileType = sourcecode.swift; path = InputSourceSwitcherTests.swift; sourceTree = "<group>"; };
		AA1100022E70000100A00001 /* kawaTests.xctest */ = {isa = PBXFileReference; explicitFileType = wrapper.cfbundle; includeInIndex = 0; path = kawaTests.xctest; sourceTree = BUILT_PRODUCTS_DIR; };
		AA2100022E70000200A00001 /* InputTarget.swift */ = {isa = PBXFileReference; lastKnownFileType = sourcecode.swift; path = InputTarget.swift; sourceTree = "<group>"; };
		AA2100032E70000200A00001 /* InputSourceSwitcher.swift */ = {isa = PBXFileReference; lastKnownFileType = sourcecode.swift; path = InputSourceSwitcher.swift; sourceTree = "<group>"; };
		AA2100042E70000200A00001 /* CarbonInputSourceAccess.swift */ = {isa = PBXFileReference; lastKnownFileType = sourcecode.swift; path = CarbonInputSourceAccess.swift; sourceTree = "<group>"; };
		CC1FEF6E1B685FD3005E9BC8 /* ShortcutCellView.swift */ = {isa = PBXFileReference; fileEncoding = 4; lastKnownFileType = sourcecode.swift; path = ShortcutCellView.swift; sourceTree = "<group>"; };
		CC4065BD1B6D334B000E1E87 /* PermanentStorage.swift */ = {isa = PBXFileReference; fileEncoding = 4; lastKnownFileType = sourcecode.swift; path = PermanentStorage.swift; sourceTree = "<group>"; };
		CC4181671B6CB3CB007DA794 /* PreferencesViewController.swift */ = {isa = PBXFileReference; fileEncoding = 4; lastKnownFileType = sourcecode.swift; path = PreferencesViewController.swift; sourceTree = "<group>"; };
		CC69E0751B663E1E00A92F58 /* MainWindowController.swift */ = {isa = PBXFileReference; fileEncoding = 4; lastKnownFileType = sourcecode.swift; path = MainWindowController.swift; sourceTree = "<group>"; };
		CC69E0771B66415300A92F58 /* ShortcutViewController.swift */ = {isa = PBXFileReference; fileEncoding = 4; lastKnownFileType = sourcecode.swift; path = ShortcutViewController.swift; sourceTree = "<group>"; };
		CC69E0791B6646B200A92F58 /* StatusBar.swift */ = {isa = PBXFileReference; fileEncoding = 4; lastKnownFileType = sourcecode.swift; path = StatusBar.swift; sourceTree = "<group>"; };
		CC6D8EC81B654099005682C0 /* Kawa.app */ = {isa = PBXFileReference; explicitFileType = wrapper.application; includeInIndex = 0; path = Kawa.app; sourceTree = BUILT_PRODUCTS_DIR; };
		CC6D8ECC1B654099005682C0 /* Info.plist */ = {isa = PBXFileReference; lastKnownFileType = text.plist.xml; path = Info.plist; sourceTree = "<group>"; };
		CC6D8ECD1B654099005682C0 /* AppDelegate.swift */ = {isa = PBXFileReference; lastKnownFileType = sourcecode.swift; path = AppDelegate.swift; sourceTree = "<group>"; };
		CC6D8ED11B654099005682C0 /* Images.xcassets */ = {isa = PBXFileReference; lastKnownFileType = folder.assetcatalog; path = Images.xcassets; sourceTree = "<group>"; };
		CC6D8EEA1B654143005682C0 /* InputSourceManager.swift */ = {isa = PBXFileReference; fileEncoding = 4; lastKnownFileType = sourcecode.swift; path = InputSourceManager.swift; sourceTree = "<group>"; };
		DE8850D624B633EC002964E4 /* en */ = {isa = PBXFileReference; lastKnownFileType = file.storyboard; name = en; path = en.lproj/Main.storyboard; sourceTree = "<group>"; };
		EE92E8FC1F6CC98E00559B7C /* TISInputSource+Additions.swift */ = {isa = PBXFileReference; fileEncoding = 4; lastKnownFileType = sourcecode.swift; path = "TISInputSource+Additions.swift"; sourceTree = "<group>"; };
/* End PBXFileReference section */

/* Begin PBXFrameworksBuildPhase section */
		AA1200012E70000100A00001 /* Frameworks */ = {
			isa = PBXFrameworksBuildPhase;
			buildActionMask = 2147483647;
			files = (
				AA1000032E70000100A00001 /* MASShortcut in Frameworks */,
			);
			runOnlyForDeploymentPostprocessing = 0;
		};
		CC6D8EC51B654099005682C0 /* Frameworks */ = {
			isa = PBXFrameworksBuildPhase;
			buildActionMask = 2147483647;
			files = (
				AA1000022E70000100A00001 /* MASShortcut in Frameworks */,
			);
			runOnlyForDeploymentPostprocessing = 0;
		};
/* End PBXFrameworksBuildPhase section */

/* Begin PBXGroup section */
		AA1300012E70000100A00001 /* kawaTests */ = {
			isa = PBXGroup;
			children = (
				AA1100012E70000100A00001 /* MASShortcutCompatibilityTests.swift */,
				AA2100012E70000200A00001 /* InputSourceSwitcherTests.swift */,
			);
			path = kawaTests;
			sourceTree = "<group>";
		};
		CC6D8EBF1B654099005682C0 = {
			isa = PBXGroup;
			children = (
				CC6D8ECA1B654099005682C0 /* kawa */,
				AA1300012E70000100A00001 /* kawaTests */,
				CC6D8EC91B654099005682C0 /* Products */,
			);
			sourceTree = "<group>";
		};
		CC6D8EC91B654099005682C0 /* Products */ = {
			isa = PBXGroup;
			children = (
				CC6D8EC81B654099005682C0 /* Kawa.app */,
				AA1100022E70000100A00001 /* kawaTests.xctest */,
			);
			name = Products;
			sourceTree = "<group>";
		};
		CC6D8ECA1B654099005682C0 /* kawa */ = {
			isa = PBXGroup;
			children = (
				CC6D8ECD1B654099005682C0 /* AppDelegate.swift */,
				AA2100022E70000200A00001 /* InputTarget.swift */,
				AA2100032E70000200A00001 /* InputSourceSwitcher.swift */,
				AA2100042E70000200A00001 /* CarbonInputSourceAccess.swift */,
				CC69E0791B6646B200A92F58 /* StatusBar.swift */,
				CC4065BD1B6D334B000E1E87 /* PermanentStorage.swift */,
				CC69E0751B663E1E00A92F58 /* MainWindowController.swift */,
				CC69E0771B66415300A92F58 /* ShortcutViewController.swift */,
				CC1FEF6E1B685FD3005E9BC8 /* ShortcutCellView.swift */,
				CC6D8EEA1B654143005682C0 /* InputSourceManager.swift */,
				CC4181671B6CB3CB007DA794 /* PreferencesViewController.swift */,
				CC6D8ED11B654099005682C0 /* Images.xcassets */,
				CC6D8ED31B654099005682C0 /* Main.storyboard */,
				CC6D8ECB1B654099005682C0 /* Supporting Files */,
			);
			path = kawa;
			sourceTree = "<group>";
		};
		CC6D8ECB1B654099005682C0 /* Supporting Files */ = {
			isa = PBXGroup;
			children = (
				EE92E8FC1F6CC98E00559B7C /* TISInputSource+Additions.swift */,
				CC6D8ECC1B654099005682C0 /* Info.plist */,
			);
			name = "Supporting Files";
			sourceTree = "<group>";
		};
/* End PBXGroup section */

/* Begin PBXNativeTarget section */
		AA1400012E70000100A00001 /* kawaTests */ = {
			isa = PBXNativeTarget;
			buildConfigurationList = AA1600012E70000100A00001 /* Build configuration list for PBXNativeTarget "kawaTests" */;
			buildPhases = (
				AA1200022E70000100A00001 /* Sources */,
				AA1200012E70000100A00001 /* Frameworks */,
			);
			buildRules = (
			);
			dependencies = (
			);
			name = kawaTests;
			packageProductDependencies = (
				AA1800022E70000100A00001 /* MASShortcut */,
			);
			productName = kawaTests;
			productReference = AA1100022E70000100A00001 /* kawaTests.xctest */;
			productType = "com.apple.product-type.bundle.unit-test";
		};
		CC6D8EC71B654099005682C0 /* kawa */ = {
			isa = PBXNativeTarget;
			buildConfigurationList = CC6D8EE41B654099005682C0 /* Build configuration list for PBXNativeTarget "kawa" */;
			buildPhases = (
				CC6D8EC41B654099005682C0 /* Sources */,
				CC6D8EC51B654099005682C0 /* Frameworks */,
				CC6D8EC61B654099005682C0 /* Resources */,
			);
			buildRules = (
			);
			dependencies = (
			);
			name = kawa;
			packageProductDependencies = (
				AA1800012E70000100A00001 /* MASShortcut */,
			);
			productName = kawa;
			productReference = CC6D8EC81B654099005682C0 /* Kawa.app */;
			productType = "com.apple.product-type.application";
		};
/* End PBXNativeTarget section */

/* Begin PBXProject section */
		CC6D8EC01B654099005682C0 /* Project object */ = {
			isa = PBXProject;
			attributes = {
				LastSwiftUpdateCheck = 0700;
				LastUpgradeCheck = 1150;
				ORGANIZATIONNAME = noraesae;
				TargetAttributes = {
					AA1400012E70000100A00001 = {
						CreatedOnToolsVersion = 27.0;
					};
					CC6D8EC71B654099005682C0 = {
						CreatedOnToolsVersion = 6.4;
						LastSwiftMigration = 1150;
					};
				};
			};
			buildConfigurationList = CC6D8EC31B654099005682C0 /* Build configuration list for PBXProject "kawa" */;
			compatibilityVersion = "Xcode 11.4";
			developmentRegion = en;
			hasScannedForEncodings = 0;
			knownRegions = (
				en,
			);
			mainGroup = CC6D8EBF1B654099005682C0;
			packageReferences = (
				AA1700012E70000100A00001 /* XCRemoteSwiftPackageReference "MASShortcut" */,
			);
			productRefGroup = CC6D8EC91B654099005682C0 /* Products */;
			projectDirPath = "";
			projectRoot = "";
			targets = (
				CC6D8EC71B654099005682C0 /* kawa */,
				AA1400012E70000100A00001 /* kawaTests */,
			);
		};
/* End PBXProject section */

/* Begin PBXResourcesBuildPhase section */
		CC6D8EC61B654099005682C0 /* Resources */ = {
			isa = PBXResourcesBuildPhase;
			buildActionMask = 2147483647;
			files = (
				CC6D8ED21B654099005682C0 /* Images.xcassets in Resources */,
				CC6D8ED51B654099005682C0 /* Main.storyboard in Resources */,
			);
			runOnlyForDeploymentPostprocessing = 0;
		};
/* End PBXResourcesBuildPhase section */

/* Begin PBXSourcesBuildPhase section */
		AA1200022E70000100A00001 /* Sources */ = {
			isa = PBXSourcesBuildPhase;
			buildActionMask = 2147483647;
			files = (
				AA1000012E70000100A00001 /* MASShortcutCompatibilityTests.swift in Sources */,
				AA2000012E70000200A00001 /* InputSourceSwitcherTests.swift in Sources */,
				AA2000032E70000200A00001 /* InputTarget.swift in Sources */,
				AA2000052E70000200A00001 /* InputSourceSwitcher.swift in Sources */,
				AA2000072E70000200A00001 /* CarbonInputSourceAccess.swift in Sources */,
			);
			runOnlyForDeploymentPostprocessing = 0;
		};
		CC6D8EC41B654099005682C0 /* Sources */ = {
			isa = PBXSourcesBuildPhase;
			buildActionMask = 2147483647;
			files = (
				AA2000022E70000200A00001 /* InputTarget.swift in Sources */,
				AA2000042E70000200A00001 /* InputSourceSwitcher.swift in Sources */,
				AA2000062E70000200A00001 /* CarbonInputSourceAccess.swift in Sources */,
				CC1FEF6F1B685FD3005E9BC8 /* ShortcutCellView.swift in Sources */,
				CC4181681B6CB3CB007DA794 /* PreferencesViewController.swift in Sources */,
				CC69E07A1B6646B200A92F58 /* StatusBar.swift in Sources */,
				CC69E0761B663E1E00A92F58 /* MainWindowController.swift in Sources */,
				CC6D8ECE1B654099005682C0 /* AppDelegate.swift in Sources */,
				CC4065BE1B6D334B000E1E87 /* PermanentStorage.swift in Sources */,
				CC6D8EEB1B654143005682C0 /* InputSourceManager.swift in Sources */,
				EE92E8FD1F6CC98E00559B7C /* TISInputSource+Additions.swift in Sources */,
				CC69E0781B66415300A92F58 /* ShortcutViewController.swift in Sources */,
			);
			runOnlyForDeploymentPostprocessing = 0;
		};
/* End PBXSourcesBuildPhase section */

/* Begin PBXVariantGroup section */
		CC6D8ED31B654099005682C0 /* Main.storyboard */ = {
			isa = PBXVariantGroup;
			children = (
				DE8850D624B633EC002964E4 /* en */,
			);
			name = Main.storyboard;
			sourceTree = "<group>";
		};
/* End PBXVariantGroup section */

/* Begin XCBuildConfiguration section */
		AA1500012E70000100A00001 /* Debug */ = {
			isa = XCBuildConfiguration;
			buildSettings = {
				ARCHS = arm64;
				CODE_SIGN_IDENTITY = "-";
				GENERATE_INFOPLIST_FILE = YES;
				MACOSX_DEPLOYMENT_TARGET = 12.0;
				PRODUCT_BUNDLE_IDENTIFIER = net.noraesae.kawaTests;
				PRODUCT_NAME = "$(TARGET_NAME)";
				SDKROOT = macosx;
				SUPPORTED_PLATFORMS = macosx;
				SWIFT_VERSION = 5.0;
			};
			name = Debug;
		};
		AA1500022E70000100A00001 /* Release */ = {
			isa = XCBuildConfiguration;
			buildSettings = {
				ARCHS = arm64;
				CODE_SIGN_IDENTITY = "-";
				GENERATE_INFOPLIST_FILE = YES;
				MACOSX_DEPLOYMENT_TARGET = 12.0;
				PRODUCT_BUNDLE_IDENTIFIER = net.noraesae.kawaTests;
				PRODUCT_NAME = "$(TARGET_NAME)";
				SDKROOT = macosx;
				SUPPORTED_PLATFORMS = macosx;
				SWIFT_VERSION = 5.0;
			};
			name = Release;
		};
		CC6D8EE21B654099005682C0 /* Debug */ = {
			isa = XCBuildConfiguration;
			buildSettings = {
				ARCHS = arm64;
				ALWAYS_SEARCH_USER_PATHS = NO;
				CLANG_ANALYZER_LOCALIZABILITY_NONLOCALIZED = YES;
				CLANG_CXX_LANGUAGE_STANDARD = "gnu++0x";
				CLANG_CXX_LIBRARY = "libc++";
				CLANG_ENABLE_MODULES = YES;
				CLANG_ENABLE_OBJC_ARC = YES;
				CLANG_WARN_BLOCK_CAPTURE_AUTORELEASING = YES;
				CLANG_WARN_BOOL_CONVERSION = YES;
				CLANG_WARN_COMMA = YES;
				CLANG_WARN_CONSTANT_CONVERSION = YES;
				CLANG_WARN_DEPRECATED_OBJC_IMPLEMENTATIONS = YES;
				CLANG_WARN_DIRECT_OBJC_ISA_USAGE = YES_ERROR;
				CLANG_WARN_EMPTY_BODY = YES;
				CLANG_WARN_ENUM_CONVERSION = YES;
				CLANG_WARN_INFINITE_RECURSION = YES;
				CLANG_WARN_INT_CONVERSION = YES;
				CLANG_WARN_NON_LITERAL_NULL_CONVERSION = YES;
				CLANG_WARN_OBJC_IMPLICIT_RETAIN_SELF = YES;
				CLANG_WARN_OBJC_LITERAL_CONVERSION = YES;
				CLANG_WARN_OBJC_ROOT_CLASS = YES_ERROR;
				CLANG_WARN_RANGE_LOOP_ANALYSIS = YES;
				CLANG_WARN_STRICT_PROTOTYPES = YES;
				CLANG_WARN_SUSPICIOUS_MOVE = YES;
				CLANG_WARN_UNREACHABLE_CODE = YES;
				CLANG_WARN__DUPLICATE_METHOD_MATCH = YES;
				CODE_SIGN_IDENTITY = "-";
				COPY_PHASE_STRIP = NO;
				DEBUG_INFORMATION_FORMAT = dwarf;
				ENABLE_STRICT_OBJC_MSGSEND = YES;
				ENABLE_TESTABILITY = YES;
				GCC_C_LANGUAGE_STANDARD = gnu99;
				GCC_DYNAMIC_NO_PIC = NO;
				GCC_NO_COMMON_BLOCKS = YES;
				GCC_OPTIMIZATION_LEVEL = 0;
				GCC_PREPROCESSOR_DEFINITIONS = (
					"DEBUG=1",
					"$(inherited)",
				);
				GCC_SYMBOLS_PRIVATE_EXTERN = NO;
				GCC_WARN_64_TO_32_BIT_CONVERSION = YES;
				GCC_WARN_ABOUT_RETURN_TYPE = YES_ERROR;
				GCC_WARN_UNDECLARED_SELECTOR = YES;
				GCC_WARN_UNINITIALIZED_AUTOS = YES_AGGRESSIVE;
				GCC_WARN_UNUSED_FUNCTION = YES;
				GCC_WARN_UNUSED_VARIABLE = YES;
				MACOSX_DEPLOYMENT_TARGET = 12.0;
				MTL_ENABLE_DEBUG_INFO = YES;
				ONLY_ACTIVE_ARCH = YES;
				SDKROOT = macosx;
				SUPPORTED_PLATFORMS = macosx;
				SWIFT_OPTIMIZATION_LEVEL = "-Onone";
			};
			name = Debug;
		};
		CC6D8EE31B654099005682C0 /* Release */ = {
			isa = XCBuildConfiguration;
			buildSettings = {
				ARCHS = arm64;
				ALWAYS_SEARCH_USER_PATHS = NO;
				CLANG_ANALYZER_LOCALIZABILITY_NONLOCALIZED = YES;
				CLANG_CXX_LANGUAGE_STANDARD = "gnu++0x";
				CLANG_CXX_LIBRARY = "libc++";
				CLANG_ENABLE_MODULES = YES;
				CLANG_ENABLE_OBJC_ARC = YES;
				CLANG_WARN_BLOCK_CAPTURE_AUTORELEASING = YES;
				CLANG_WARN_BOOL_CONVERSION = YES;
				CLANG_WARN_COMMA = YES;
				CLANG_WARN_CONSTANT_CONVERSION = YES;
				CLANG_WARN_DEPRECATED_OBJC_IMPLEMENTATIONS = YES;
				CLANG_WARN_DIRECT_OBJC_ISA_USAGE = YES_ERROR;
				CLANG_WARN_EMPTY_BODY = YES;
				CLANG_WARN_ENUM_CONVERSION = YES;
				CLANG_WARN_INFINITE_RECURSION = YES;
				CLANG_WARN_INT_CONVERSION = YES;
				CLANG_WARN_NON_LITERAL_NULL_CONVERSION = YES;
				CLANG_WARN_OBJC_IMPLICIT_RETAIN_SELF = YES;
				CLANG_WARN_OBJC_LITERAL_CONVERSION = YES;
				CLANG_WARN_OBJC_ROOT_CLASS = YES_ERROR;
				CLANG_WARN_RANGE_LOOP_ANALYSIS = YES;
				CLANG_WARN_STRICT_PROTOTYPES = YES;
				CLANG_WARN_SUSPICIOUS_MOVE = YES;
				CLANG_WARN_UNREACHABLE_CODE = YES;
				CLANG_WARN__DUPLICATE_METHOD_MATCH = YES;
				CODE_SIGN_IDENTITY = "-";
				COPY_PHASE_STRIP = NO;
				DEBUG_INFORMATION_FORMAT = "dwarf-with-dsym";
				ENABLE_NS_ASSERTIONS = NO;
				ENABLE_STRICT_OBJC_MSGSEND = YES;
				GCC_C_LANGUAGE_STANDARD = gnu99;
				GCC_NO_COMMON_BLOCKS = YES;
				GCC_WARN_64_TO_32_BIT_CONVERSION = YES;
				GCC_WARN_ABOUT_RETURN_TYPE = YES_ERROR;
				GCC_WARN_UNDECLARED_SELECTOR = YES;
				GCC_WARN_UNINITIALIZED_AUTOS = YES_AGGRESSIVE;
				GCC_WARN_UNUSED_FUNCTION = YES;
				GCC_WARN_UNUSED_VARIABLE = YES;
				MACOSX_DEPLOYMENT_TARGET = 12.0;
				MTL_ENABLE_DEBUG_INFO = NO;
				SDKROOT = macosx;
				SUPPORTED_PLATFORMS = macosx;
				SWIFT_COMPILATION_MODE = wholemodule;
				SWIFT_OPTIMIZATION_LEVEL = "-O";
			};
			name = Release;
		};
		CC6D8EE51B654099005682C0 /* Debug */ = {
			isa = XCBuildConfiguration;
			buildSettings = {
				ARCHS = arm64;
				ASSETCATALOG_COMPILER_APPICON_NAME = AppIcon;
				CODE_SIGN_IDENTITY = "-";
				COMBINE_HIDPI_IMAGES = YES;
				INFOPLIST_FILE = kawa/Info.plist;
				LD_RUNPATH_SEARCH_PATHS = (
					"$(inherited)",
					"@executable_path/../Frameworks",
				);
				PRODUCT_BUNDLE_IDENTIFIER = "net.noraesae.$(PRODUCT_NAME:rfc1034identifier)";
				PRODUCT_NAME = Kawa;
				MACOSX_DEPLOYMENT_TARGET = 12.0;
				SUPPORTED_PLATFORMS = macosx;
				SWIFT_SWIFT3_OBJC_INFERENCE = Default;
				SWIFT_VERSION = 5.0;
			};
			name = Debug;
		};
		CC6D8EE61B654099005682C0 /* Release */ = {
			isa = XCBuildConfiguration;
			buildSettings = {
				ARCHS = arm64;
				ASSETCATALOG_COMPILER_APPICON_NAME = AppIcon;
				CODE_SIGN_IDENTITY = "-";
				COMBINE_HIDPI_IMAGES = YES;
				INFOPLIST_FILE = kawa/Info.plist;
				LD_RUNPATH_SEARCH_PATHS = (
					"$(inherited)",
					"@executable_path/../Frameworks",
				);
				PRODUCT_BUNDLE_IDENTIFIER = "net.noraesae.$(PRODUCT_NAME:rfc1034identifier)";
				PRODUCT_NAME = Kawa;
				MACOSX_DEPLOYMENT_TARGET = 12.0;
				SUPPORTED_PLATFORMS = macosx;
				SWIFT_SWIFT3_OBJC_INFERENCE = Default;
				SWIFT_VERSION = 5.0;
			};
			name = Release;
		};
/* End XCBuildConfiguration section */

/* Begin XCConfigurationList section */
		AA1600012E70000100A00001 /* Build configuration list for PBXNativeTarget "kawaTests" */ = {
			isa = XCConfigurationList;
			buildConfigurations = (
				AA1500012E70000100A00001 /* Debug */,
				AA1500022E70000100A00001 /* Release */,
			);
			defaultConfigurationIsVisible = 0;
			defaultConfigurationName = Release;
		};
		CC6D8EC31B654099005682C0 /* Build configuration list for PBXProject "kawa" */ = {
			isa = XCConfigurationList;
			buildConfigurations = (
				CC6D8EE21B654099005682C0 /* Debug */,
				CC6D8EE31B654099005682C0 /* Release */,
			);
			defaultConfigurationIsVisible = 0;
			defaultConfigurationName = Release;
		};
		CC6D8EE41B654099005682C0 /* Build configuration list for PBXNativeTarget "kawa" */ = {
			isa = XCConfigurationList;
			buildConfigurations = (
				CC6D8EE51B654099005682C0 /* Debug */,
				CC6D8EE61B654099005682C0 /* Release */,
			);
			defaultConfigurationIsVisible = 0;
			defaultConfigurationName = Release;
		};
/* End XCConfigurationList section */

/* Begin XCRemoteSwiftPackageReference section */
		AA1700012E70000100A00001 /* XCRemoteSwiftPackageReference "MASShortcut" */ = {
			isa = XCRemoteSwiftPackageReference;
			repositoryURL = "https://github.com/cocoabits/MASShortcut.git";
			requirement = {
				kind = revision;
				revision = 6f2603c6b6cc18f64a799e5d2c9d3bbc467c413a;
			};
		};
/* End XCRemoteSwiftPackageReference section */

/* Begin XCSwiftPackageProductDependency section */
		AA1800012E70000100A00001 /* MASShortcut */ = {
			isa = XCSwiftPackageProductDependency;
			package = AA1700012E70000100A00001 /* XCRemoteSwiftPackageReference "MASShortcut" */;
			productName = MASShortcut;
		};
		AA1800022E70000100A00001 /* MASShortcut */ = {
			isa = XCSwiftPackageProductDependency;
			package = AA1700012E70000100A00001 /* XCRemoteSwiftPackageReference "MASShortcut" */;
			productName = MASShortcut;
		};
/* End XCSwiftPackageProductDependency section */
	};
	rootObject = CC6D8EC01B654099005682C0 /* Project object */;
}
